# This file is generated by running "yarn install" inside your project.
# Manual changes might be lost - proceed with caution!

__metadata:
  version: 8
  cacheKey: 10c0

"@cprecioso/tsconfig@npm:^2.0.1":
  version: 2.0.1
  resolution: "@cprecioso/tsconfig@npm:2.0.1"
  peerDependencies:
    typescript: ^5.0.4
  checksum: 10c0/82bd49662da0d279c8c2d5104e3f64dbad21d76b23cff7882c5a188dc5c43fc12b7b7ab1b7af139acaa5b405cbc6bc26a9761591e55004899ffa573fced91a41
  languageName: node
  linkType: hard

"mvdan-sh@npm:^0.10.1":
  version: 0.10.1
  resolution: "mvdan-sh@npm:0.10.1"
  checksum: 10c0/cfdd3c6429aad170014892f7934ff60a4418b32e4c14db10f0d3cfb7743f37385e2a3a8c58c65b7c4fbfe44838d9e8cf8c93897b9763a08224c32957a72621c0
  languageName: node
  linkType: hard

"prettier-plugin-organize-imports@npm:^4.1.0":
  version: 4.1.0
  resolution: "prettier-plugin-organize-imports@npm:4.1.0"
  peerDependencies:
    prettier: ">=2.0"
    typescript: ">=2.9"
    vue-tsc: ^2.1.0
  peerDependenciesMeta:
    vue-tsc:
      optional: true
  checksum: 10c0/fb2d6d415bac96b65a77ea7de9f708e8613436aeb9d82bbe63edeb312fd1362c0d3c57319bd4cc4adfc8b9964fb6c205cbbf8efd9546931b0f9874c0ae624a6a
  languageName: node
  linkType: hard

"prettier-plugin-pkg@npm:^0.18.1":
  version: 0.18.1
  resolution: "prettier-plugin-pkg@npm:0.18.1"
  peerDependencies:
    prettier: ^3.0.3
  checksum: 10c0/8f0f1308e53d0197ca7ff532c4136930f42ad334c32728b71d8f81136a5a663d9231b659d848d2d7587461bd68ce3c2a3afe4bd34cc8718471710511113e07f9
  languageName: node
  linkType: hard

"prettier-plugin-sh@npm:^0.14.0":
  version: 0.14.0
  resolution: "prettier-plugin-sh@npm:0.14.0"
  dependencies:
    mvdan-sh: "npm:^0.10.1"
    sh-syntax: "npm:^0.4.1"
  peerDependencies:
    prettier: ^3.0.3
  checksum: 10c0/9df1a5f3a7d18b562064724809ce8be0efed6a5e03ef6eb41f1015ffca3471cd62ce83a01de5fe5e6bb13a3affb0c4c653ba4ab6b662e1e06742c65b5b646c5e
  languageName: node
  linkType: hard

"prettier@npm:^3.3.3":
  version: 3.3.3
  resolution: "prettier@npm:3.3.3"
  bin:
    prettier: bin/prettier.cjs
  checksum: 10c0/b85828b08e7505716324e4245549b9205c0cacb25342a030ba8885aba2039a115dbcf75a0b7ca3b37bc9d101ee61fab8113fc69ca3359f2a226f1ecc07ad2e26
  languageName: node
  linkType: hard

"sh-syntax@npm:^0.4.1":
  version: 0.4.2
  resolution: "sh-syntax@npm:0.4.2"
  dependencies:
    tslib: "npm:^2.6.2"
  checksum: 10c0/0bfe3b3ffcfa7b59a91d432e2f77e6cd4ccb0f267fe6fcce95b9be4ddf34169a8e2721060e067385574e3248818860b682af24b1cb4b5803167e1666bc6fec24
  languageName: node
  linkType: hard

"shortwave@workspace:.":
  version: 0.0.0-use.local
  resolution: "shortwave@workspace:."
  dependencies:
    "@cprecioso/tsconfig": "npm:^2.0.1"
    prettier: "npm:^3.3.3"
    prettier-plugin-organize-imports: "npm:^4.1.0"
    prettier-plugin-pkg: "npm:^0.18.1"
    prettier-plugin-sh: "npm:^0.14.0"
    typescript: "npm:^5.6.3"
  languageName: unknown
  linkType: soft

"tslib@npm:^2.6.2":
  version: 2.8.1
  resolution: "tslib@npm:2.8.1"
  checksum: 10c0/9c4759110a19c53f992d9aae23aac5ced636e99887b51b9e61def52611732872ff7668757d4e4c61f19691e36f4da981cd9485e869b4a7408d689f6bf1f14e62
  languageName: node
  linkType: hard

"typescript@npm:^5.6.3":
  version: 5.6.3
  resolution: "typescript@npm:5.6.3"
  bin:
    tsc: bin/tsc
    tsserver: bin/tsserver
  checksum: 10c0/44f61d3fb15c35359bc60399cb8127c30bae554cd555b8e2b46d68fa79d680354b83320ad419ff1b81a0bdf324197b29affe6cc28988cd6a74d4ac60c94f9799
  languageName: node
  linkType: hard

"typescript@patch:typescript@npm%3A^5.6.3#optional!builtin<compat/typescript>":
  version: 5.6.3
  resolution: "typescript@patch:typescript@npm%3A5.6.3#optional!builtin<compat/typescript>::version=5.6.3&hash=8c6c40"
  bin:
    tsc: bin/tsc
    tsserver: bin/tsserver
  checksum: 10c0/7c9d2e07c81226d60435939618c91ec2ff0b75fbfa106eec3430f0fcf93a584bc6c73176676f532d78c3594fe28a54b36eb40b3d75593071a7ec91301533ace7
  languageName: node
  linkType: hard
